
Microsoft Visual Studio Solution File, Format Version 12.00
# Visual Studio Version 17
VisualStudioVersion = 17.2.32516.85
MinimumVisualStudioVersion = 10.0.40219.1
Project("{FAE04EC0-301F-11D3-BF4B-00C04F79EFBC}") = "PM01.Android", "PM01.Android\PM01.Android.csproj", "{0392BEDA-FEFA-4705-B5AB-94EB43A32F43}"
EndProject
Project("{FAE04EC0-301F-11D3-BF4B-00C04F79EFBC}") = "PM01", "PM01\PM01.csproj", "{79EE3B9D-91AA-4039-9494-1CB75E79AB6A}"
EndProject
Global
	GlobalSection(SolutionConfigurationPlatforms) = preSolution
		Debug|Any CPU = Debug|Any CPU
		Release|Any CPU = Release|Any CPU
	EndGlobalSection
	GlobalSection(ProjectConfigurationPlatforms) = postSolution
		{0392BEDA-FEFA-4705-B5AB-94EB43A32F43}.Debug|Any CPU.ActiveCfg = Debug|Any CPU
		{0392BEDA-FEFA-4705-B5AB-94EB43A32F43}.Debug|Any CPU.Build.0 = Debug|Any CPU
		{0392BEDA-FEFA-4705-B5AB-94EB43A32F43}.Debug|Any CPU.Deploy.0 = Debug|Any CPU
		{0392BEDA-FEFA-4705-B5AB-94EB43A32F43}.Release|Any CPU.ActiveCfg = Release|Any CPU
		{0392BEDA-FEFA-4705-B5AB-94EB43A32F43}.Release|Any CPU.Build.0 = Release|Any CPU
		{0392BEDA-FEFA-4705-B5AB-94EB43A32F43}.Release|Any CPU.Deploy.0 = Release|Any CPU
		{79EE3B9D-91AA-4039-9494-1CB75E79AB6A}.Debug|Any CPU.ActiveCfg = Debug|Any CPU
		{79EE3B9D-91AA-4039-9494-1CB75E79AB6A}.Debug|Any CPU.Build.0 = Debug|Any CPU
		{79EE3B9D-91AA-4039-9494-1CB75E79AB6A}.Debug|Any CPU.Deploy.0 = Debug|Any CPU
		{79EE3B9D-91AA-4039-9494-1CB75E79AB6A}.Release|Any CPU.ActiveCfg = Release|Any CPU
		{79EE3B9D-91AA-4039-9494-1CB75E79AB6A}.Release|Any CPU.Build.0 = Release|Any CPU
		{79EE3B9D-91AA-4039-9494-1CB75E79AB6A}.Release|Any CPU.Deploy.0 = Release|Any CPU
	EndGlobalSection
	GlobalSection(SolutionProperties) = preSolution
		HideSolutionNode = FALSE
	EndGlobalSection
	GlobalSection(ExtensibilityGlobals) = postSolution
		SolutionGuid = {061274B6-C69D-46F6-B2A3-564DBB524FE8}
	EndGlobalSection
EndGlobal
